
Microsoft Visual Studio Solution File, Format Version 12.00
# Visual Studio Version 16
VisualStudioVersion = 16.0.30517.126
MinimumVisualStudioVersion = 10.0.40219.1
Project("{FAE04EC0-301F-11D3-BF4B-00C04F79EFBC}") = "Seance4DMWMCSharp", "Seance4DMWMCSharp\Seance4DMWMCSharp.csproj", "{36187151-B1C8-45DF-AF2E-9D960BC8DB92}"
EndProject
Global
	GlobalSection(SolutionConfigurationPlatforms) = preSolution
		Debug|Any CPU = Debug|Any CPU
		Release|Any CPU = Release|Any CPU
	EndGlobalSection
	GlobalSection(ProjectConfigurationPlatforms) = postSolution
		{36187151-B1C8-45DF-AF2E-9D960BC8DB92}.Debug|Any CPU.ActiveCfg = Debug|Any CPU
		{36187151-B1C8-45DF-AF2E-9D960BC8DB92}.Debug|Any CPU.Build.0 = Debug|Any CPU
		{36187151-B1C8-45DF-AF2E-9D960BC8DB92}.Release|Any CPU.ActiveCfg = Release|Any CPU
		{36187151-B1C8-45DF-AF2E-9D960BC8DB92}.Release|Any CPU.Build.0 = Release|Any CPU
	EndGlobalSection
	GlobalSection(SolutionProperties) = preSolution
		HideSolutionNode = FALSE
	EndGlobalSection
	GlobalSection(ExtensibilityGlobals) = postSolution
		SolutionGuid = {B8B4290B-CAB5-4547-B82E-2BF9DF613738}
	EndGlobalSection
EndGlobal
